// !$*UTF8*$!
{
	archiveVersion = 1;
	classes = {
	};
	objectVersion = 56;
	objects = {

/* Begin PBXBuildFile section */
		DD33BABE2A2CA5FF00477184 /* MealChoiceCell.swift in Sources */ = {isa = PBXBuildFile; fileRef = DD33BABD2A2CA5FF00477184 /* MealChoiceCell.swift */; };
		DD6859412A2C64B100AF2917 /* SectionOneCell.swift in Sources */ = {isa = PBXBuildFile; fileRef = DD6859402A2C64B100AF2917 /* SectionOneCell.swift */; };
		DD6859432A2C64FA00AF2917 /* SectionTwoCell.swift in Sources */ = {isa = PBXBuildFile; fileRef = DD6859422A2C64FA00AF2917 /* SectionTwoCell.swift */; };
		DD6859452A2C66A500AF2917 /* SectionOne+Delegate.swift in Sources */ = {isa = PBXBuildFile; fileRef = DD6859442A2C66A500AF2917 /* SectionOne+Delegate.swift */; };
		DD6859472A2C703100AF2917 /* DateCell.swift in Sources */ = {isa = PBXBuildFile; fileRef = DD6859462A2C703100AF2917 /* DateCell.swift */; };
		DD6859492A2C81E700AF2917 /* SectionTwo+delegate.swift in Sources */ = {isa = PBXBuildFile; fileRef = DD6859482A2C81E700AF2917 /* SectionTwo+delegate.swift */; };
		DD68594B2A2C886400AF2917 /* MonthCell.swift in Sources */ = {isa = PBXBuildFile; fileRef = DD68594A2A2C886400AF2917 /* MonthCell.swift */; };
		DDB8A89E2A275BBF0006846E /* AppDelegate.swift in Sources */ = {isa = PBXBuildFile; fileRef = DDB8A89D2A275BBF0006846E /* AppDelegate.swift */; };
		DDB8A8A02A275BBF0006846E /* SceneDelegate.swift in Sources */ = {isa = PBXBuildFile; fileRef = DDB8A89F2A275BBF0006846E /* SceneDelegate.swift */; };
		DDB8A8A22A275BBF0006846E /* LowCalController.swift in Sources */ = {isa = PBXBuildFile; fileRef = DDB8A8A12A275BBF0006846E /* LowCalController.swift */; };
		DDB8A8A52A275BBF0006846E /* Main.storyboard in Resources */ = {isa = PBXBuildFile; fileRef = DDB8A8A32A275BBF0006846E /* Main.storyboard */; };
		DDB8A8A72A275BC10006846E /* Assets.xcassets in Resources */ = {isa = PBXBuildFile; fileRef = DDB8A8A62A275BC10006846E /* Assets.xcassets */; };
		DDB8A8AA2A275BC10006846E /* LaunchScreen.storyboard in Resources */ = {isa = PBXBuildFile; fileRef = DDB8A8A82A275BC10006846E /* LaunchScreen.storyboard */; };
		DDB8A8B52A2881740006846E /* ProgressBar.swift in Sources */ = {isa = PBXBuildFile; fileRef = DDB8A8B42A2881740006846E /* ProgressBar.swift */; };
		DDB8A8B72A28834A0006846E /* LowCalController+Delegate.swift in Sources */ = {isa = PBXBuildFile; fileRef = DDB8A8B62A28834A0006846E /* LowCalController+Delegate.swift */; };
/* End PBXBuildFile section */

/* Begin PBXFileReference section */
		DD33BABD2A2CA5FF00477184 /* MealChoiceCell.swift */ = {isa = PBXFileReference; lastKnownFileType = sourcecode.swift; path = MealChoiceCell.swift; sourceTree = "<group>"; };
		DD6859402A2C64B100AF2917 /* SectionOneCell.swift */ = {isa = PBXFileReference; lastKnownFileType = sourcecode.swift; path = SectionOneCell.swift; sourceTree = "<group>"; };
		DD6859422A2C64FA00AF2917 /* SectionTwoCell.swift */ = {isa = PBXFileReference; lastKnownFileType = sourcecode.swift; path = SectionTwoCell.swift; sourceTree = "<group>"; };
		DD6859442A2C66A500AF2917 /* SectionOne+Delegate.swift */ = {isa = PBXFileReference; lastKnownFileType = sourcecode.swift; path = "SectionOne+Delegate.swift"; sourceTree = "<group>"; };
		DD6859462A2C703100AF2917 /* DateCell.swift */ = {isa = PBXFileReference; lastKnownFileType = sourcecode.swift; path = DateCell.swift; sourceTree = "<group>"; };
		DD6859482A2C81E700AF2917 /* SectionTwo+delegate.swift */ = {isa = PBXFileReference; lastKnownFileType = sourcecode.swift; path = "SectionTwo+delegate.swift"; sourceTree = "<group>"; };
		DD68594A2A2C886400AF2917 /* MonthCell.swift */ = {isa = PBXFileReference; lastKnownFileType = sourcecode.swift; path = MonthCell.swift; sourceTree = "<group>"; };
		DDB8A89A2A275BBF0006846E /* LowCal.app */ = {isa = PBXFileReference; explicitFileType = wrapper.application; includeInIndex = 0; path = LowCal.app; sourceTree = BUILT_PRODUCTS_DIR; };
		DDB8A89D2A275BBF0006846E /* AppDelegate.swift */ = {isa = PBXFileReference; lastKnownFileType = sourcecode.swift; path = AppDelegate.swift; sourceTree = "<group>"; };
		DDB8A89F2A275BBF0006846E /* SceneDelegate.swift */ = {isa = PBXFileReference; lastKnownFileType = sourcecode.swift; path = SceneDelegate.swift; sourceTree = "<group>"; };
		DDB8A8A12A275BBF0006846E /* LowCalController.swift */ = {isa = PBXFileReference; lastKnownFileType = sourcecode.swift; path = LowCalController.swift; sourceTree = "<group>"; };
		DDB8A8A42A275BBF0006846E /* Base */ = {isa = PBXFileReference; lastKnownFileType = file.storyboard; name = Base; path = Base.lproj/Main.storyboard; sourceTree = "<group>"; };
		DDB8A8A62A275BC10006846E /* Assets.xcassets */ = {isa = PBXFileReference; lastKnownFileType = folder.assetcatalog; path = Assets.xcassets; sourceTree = "<group>"; };
		DDB8A8A92A275BC10006846E /* Base */ = {isa = PBXFileReference; lastKnownFileType = file.storyboard; name = Base; path = Base.lproj/LaunchScreen.storyboard; sourceTree = "<group>"; };
		DDB8A8AB2A275BC10006846E /* Info.plist */ = {isa = PBXFileReference; lastKnownFileType = text.plist.xml; path = Info.plist; sourceTree = "<group>"; };
		DDB8A8B42A2881740006846E /* ProgressBar.swift */ = {isa = PBXFileReference; lastKnownFileType = sourcecode.swift; path = ProgressBar.swift; sourceTree = "<group>"; };
		DDB8A8B62A28834A0006846E /* LowCalController+Delegate.swift */ = {isa = PBXFileReference; lastKnownFileType = sourcecode.swift; path = "LowCalController+Delegate.swift"; sourceTree = "<group>"; };
/* End PBXFileReference section */

/* Begin PBXFrameworksBuildPhase section */
		DDB8A8972A275BBF0006846E /* Frameworks */ = {
			isa = PBXFrameworksBuildPhase;
			buildActionMask = 2147483647;
			files = (
			);
			runOnlyForDeploymentPostprocessing = 0;
		};
/* End PBXFrameworksBuildPhase section */

/* Begin PBXGroup section */
		DDB8A8912A275BBF0006846E = {
			isa = PBXGroup;
			children = (
				DDB8A89C2A275BBF0006846E /* LowCal */,
				DDB8A89B2A275BBF0006846E /* Products */,
			);
			sourceTree = "<group>";
		};
		DDB8A89B2A275BBF0006846E /* Products */ = {
			isa = PBXGroup;
			children = (
				DDB8A89A2A275BBF0006846E /* LowCal.app */,
			);
			name = Products;
			sourceTree = "<group>";
		};
		DDB8A89C2A275BBF0006846E /* LowCal */ = {
			isa = PBXGroup;
			children = (
				DDB8A8B32A275BDA0006846E /* Model */,
				DDB8A8B22A275BD40006846E /* View */,
				DDB8A8B12A275BCA0006846E /* Controller */,
				DDB8A89D2A275BBF0006846E /* AppDelegate.swift */,
				DDB8A89F2A275BBF0006846E /* SceneDelegate.swift */,
				DDB8A8A62A275BC10006846E /* Assets.xcassets */,
				DDB8A8A82A275BC10006846E /* LaunchScreen.storyboard */,
				DDB8A8AB2A275BC10006846E /* Info.plist */,
			);
			path = LowCal;
			sourceTree = "<group>";
		};
		DDB8A8B12A275BCA0006846E /* Controller */ = {
			isa = PBXGroup;
			children = (
				DDB8A8B82A2897D70006846E /* Cell */,
				DDB8A8A12A275BBF0006846E /* LowCalController.swift */,
				DDB8A8B42A2881740006846E /* ProgressBar.swift */,
				DDB8A8B62A28834A0006846E /* LowCalController+Delegate.swift */,
			);
			path = Controller;
			sourceTree = "<group>";
		};
		DDB8A8B22A275BD40006846E /* View */ = {
			isa = PBXGroup;
			children = (
				DDB8A8A32A275BBF0006846E /* Main.storyboard */,
			);
			path = View;
			sourceTree = "<group>";
		};
		DDB8A8B32A275BDA0006846E /* Model */ = {
			isa = PBXGroup;
			children = (
			);
			path = Model;
			sourceTree = "<group>";
		};
		DDB8A8B82A2897D70006846E /* Cell */ = {
			isa = PBXGroup;
			children = (
				DD6859402A2C64B100AF2917 /* SectionOneCell.swift */,
				DD6859442A2C66A500AF2917 /* SectionOne+Delegate.swift */,
				DD6859422A2C64FA00AF2917 /* SectionTwoCell.swift */,
				DD6859482A2C81E700AF2917 /* SectionTwo+delegate.swift */,
				DD6859462A2C703100AF2917 /* DateCell.swift */,
				DD68594A2A2C886400AF2917 /* MonthCell.swift */,
				DD33BABD2A2CA5FF00477184 /* MealChoiceCell.swift */,
			);
			path = Cell;
			sourceTree = "<group>";
		};
/* End PBXGroup section */

/* Begin PBXNativeTarget section */
		DDB8A8992A275BBF0006846E /* LowCal */ = {
			isa = PBXNativeTarget;
			buildConfigurationList = DDB8A8AE2A275BC10006846E /* Build configuration list for PBXNativeTarget "LowCal" */;
			buildPhases = (
				DDB8A8962A275BBF0006846E /* Sources */,
				DDB8A8972A275BBF0006846E /* Frameworks */,
				DDB8A8982A275BBF0006846E /* Resources */,
			);
			buildRules = (
			);
			dependencies = (
			);
			name = LowCal;
			productName = LowCal;
			productReference = DDB8A89A2A275BBF0006846E /* LowCal.app */;
			productType = "com.apple.product-type.application";
		};
/* End PBXNativeTarget section */

/* Begin PBXProject section */
		DDB8A8922A275BBF0006846E /* Project object */ = {
			isa = PBXProject;
			attributes = {
				BuildIndependentTargetsInParallel = 1;
				LastSwiftUpdateCheck = 1430;
				LastUpgradeCheck = 1430;
				TargetAttributes = {
					DDB8A8992A275BBF0006846E = {
						CreatedOnToolsVersion = 14.3;
					};
				};
			};
			buildConfigurationList = DDB8A8952A275BBF0006846E /* Build configuration list for PBXProject "LowCal" */;
			compatibilityVersion = "Xcode 14.0";
			developmentRegion = en;
			hasScannedForEncodings = 0;
			knownRegions = (
				en,
				Base,
			);
			mainGroup = DDB8A8912A275BBF0006846E;
			productRefGroup = DDB8A89B2A275BBF0006846E /* Products */;
			projectDirPath = "";
			projectRoot = "";
			targets = (
				DDB8A8992A275BBF0006846E /* LowCal */,
			);
		};
/* End PBXProject section */

/* Begin PBXResourcesBuildPhase section */
		DDB8A8982A275BBF0006846E /* Resources */ = {
			isa = PBXResourcesBuildPhase;
			buildActionMask = 2147483647;
			files = (
				DDB8A8AA2A275BC10006846E /* LaunchScreen.storyboard in Resources */,
				DDB8A8A72A275BC10006846E /* Assets.xcassets in Resources */,
				DDB8A8A52A275BBF0006846E /* Main.storyboard in Resources */,
			);
			runOnlyForDeploymentPostprocessing = 0;
		};
/* End PBXResourcesBuildPhase section */

/* Begin PBXSourcesBuildPhase section */
		DDB8A8962A275BBF0006846E /* Sources */ = {
			isa = PBXSourcesBuildPhase;
			buildActionMask = 2147483647;
			files = (
				DD6859432A2C64FA00AF2917 /* SectionTwoCell.swift in Sources */,
				DD33BABE2A2CA5FF00477184 /* MealChoiceCell.swift in Sources */,
				DD68594B2A2C886400AF2917 /* MonthCell.swift in Sources */,
				DD6859452A2C66A500AF2917 /* SectionOne+Delegate.swift in Sources */,
				DD6859412A2C64B100AF2917 /* SectionOneCell.swift in Sources */,
				DD6859492A2C81E700AF2917 /* SectionTwo+delegate.swift in Sources */,
				DD6859472A2C703100AF2917 /* DateCell.swift in Sources */,
				DDB8A8B72A28834A0006846E /* LowCalController+Delegate.swift in Sources */,
				DDB8A8A22A275BBF0006846E /* LowCalController.swift in Sources */,
				DDB8A89E2A275BBF0006846E /* AppDelegate.swift in Sources */,
				DDB8A8B52A2881740006846E /* ProgressBar.swift in Sources */,
				DDB8A8A02A275BBF0006846E /* SceneDelegate.swift in Sources */,
			);
			runOnlyForDeploymentPostprocessing = 0;
		};
/* End PBXSourcesBuildPhase section */

/* Begin PBXVariantGroup section */
		DDB8A8A32A275BBF0006846E /* Main.storyboard */ = {
			isa = PBXVariantGroup;
			children = (
				DDB8A8A42A275BBF0006846E /* Base */,
			);
			name = Main.storyboard;
			sourceTree = "<group>";
		};
		DDB8A8A82A275BC10006846E /* LaunchScreen.storyboard */ = {
			isa = PBXVariantGroup;
			children = (
				DDB8A8A92A275BC10006846E /* Base */,
			);
			name = LaunchScreen.storyboard;
			sourceTree = "<group>";
		};
/* End PBXVariantGroup section */

/* Begin XCBuildConfiguration section */
		DDB8A8AC2A275BC10006846E /* Debug */ = {
			isa = XCBuildConfiguration;
			buildSettings = {
				ALWAYS_SEARCH_USER_PATHS = NO;
				CLANG_ANALYZER_NONNULL = YES;
				CLANG_ANALYZER_NUMBER_OBJECT_CONVERSION = YES_AGGRESSIVE;
				CLANG_CXX_LANGUAGE_STANDARD = "gnu++20";
				CLANG_ENABLE_MODULES = YES;
				CLANG_ENABLE_OBJC_ARC = YES;
				CLANG_ENABLE_OBJC_WEAK = YES;
				CLANG_WARN_BLOCK_CAPTURE_AUTORELEASING = YES;
				CLANG_WARN_BOOL_CONVERSION = YES;
				CLANG_WARN_COMMA = YES;
				CLANG_WARN_CONSTANT_CONVERSION = YES;
				CLANG_WARN_DEPRECATED_OBJC_IMPLEMENTATIONS = YES;
				CLANG_WARN_DIRECT_OBJC_ISA_USAGE = YES_ERROR;
				CLANG_WARN_DOCUMENTATION_COMMENTS = YES;
				CLANG_WARN_EMPTY_BODY = YES;
				CLANG_WARN_ENUM_CONVERSION = YES;
				CLANG_WARN_INFINITE_RECURSION = YES;
				CLANG_WARN_INT_CONVERSION = YES;
				CLANG_WARN_NON_LITERAL_NULL_CONVERSION = YES;
				CLANG_WARN_OBJC_IMPLICIT_RETAIN_SELF = YES;
				CLANG_WARN_OBJC_LITERAL_CONVERSION = YES;
				CLANG_WARN_OBJC_ROOT_CLASS = YES_ERROR;
				CLANG_WARN_QUOTED_INCLUDE_IN_FRAMEWORK_HEADER = YES;
				CLANG_WARN_RANGE_LOOP_ANALYSIS = YES;
				CLANG_WARN_STRICT_PROTOTYPES = YES;
				CLANG_WARN_SUSPICIOUS_MOVE = YES;
				CLANG_WARN_UNGUARDED_AVAILABILITY = YES_AGGRESSIVE;
				CLANG_WARN_UNREACHABLE_CODE = YES;
				CLANG_WARN__DUPLICATE_METHOD_MATCH = YES;
				COPY_PHASE_STRIP = NO;
				DEBUG_INFORMATION_FORMAT = dwarf;
				ENABLE_STRICT_OBJC_MSGSEND = YES;
				ENABLE_TESTABILITY = YES;
				GCC_C_LANGUAGE_STANDARD = gnu11;
				GCC_DYNAMIC_NO_PIC = NO;
				GCC_NO_COMMON_BLOCKS = YES;
				GCC_OPTIMIZATION_LEVEL = 0;
				GCC_PREPROCESSOR_DEFINITIONS = (
					"DEBUG=1",
					"$(inherited)",
				);
				GCC_WARN_64_TO_32_BIT_CONVERSION = YES;
				GCC_WARN_ABOUT_RETURN_TYPE = YES_ERROR;
				GCC_WARN_UNDECLARED_SELECTOR = YES;
				GCC_WARN_UNINITIALIZED_AUTOS = YES_AGGRESSIVE;
				GCC_WARN_UNUSED_FUNCTION = YES;
				GCC_WARN_UNUSED_VARIABLE = YES;
				IPHONEOS_DEPLOYMENT_TARGET = 16.4;
				MTL_ENABLE_DEBUG_INFO = INCLUDE_SOURCE;
				MTL_FAST_MATH = YES;
				ONLY_ACTIVE_ARCH = YES;
				SDKROOT = iphoneos;
				SWIFT_ACTIVE_COMPILATION_CONDITIONS = DEBUG;
				SWIFT_OPTIMIZATION_LEVEL = "-Onone";
			};
			name = Debug;
		};
		DDB8A8AD2A275BC10006846E /* Release */ = {
			isa = XCBuildConfiguration;
			buildSettings = {
				ALWAYS_SEARCH_USER_PATHS = NO;
				CLANG_ANALYZER_NONNULL = YES;
				CLANG_ANALYZER_NUMBER_OBJECT_CONVERSION = YES_AGGRESSIVE;
				CLANG_CXX_LANGUAGE_STANDARD = "gnu++20";
				CLANG_ENABLE_MODULES = YES;
				CLANG_ENABLE_OBJC_ARC = YES;
				CLANG_ENABLE_OBJC_WEAK = YES;
				CLANG_WARN_BLOCK_CAPTURE_AUTORELEASING = YES;
				CLANG_WARN_BOOL_CONVERSION = YES;
				CLANG_WARN_COMMA = YES;
				CLANG_WARN_CONSTANT_CONVERSION = YES;
				CLANG_WARN_DEPRECATED_OBJC_IMPLEMENTATIONS = YES;
				CLANG_WARN_DIRECT_OBJC_ISA_USAGE = YES_ERROR;
				CLANG_WARN_DOCUMENTATION_COMMENTS = YES;
				CLANG_WARN_EMPTY_BODY = YES;
				CLANG_WARN_ENUM_CONVERSION = YES;
				CLANG_WARN_INFINITE_RECURSION = YES;
				CLANG_WARN_INT_CONVERSION = YES;
				CLANG_WARN_NON_LITERAL_NULL_CONVERSION = YES;
				CLANG_WARN_OBJC_IMPLICIT_RETAIN_SELF = YES;
				CLANG_WARN_OBJC_LITERAL_CONVERSION = YES;
				CLANG_WARN_OBJC_ROOT_CLASS = YES_ERROR;
				CLANG_WARN_QUOTED_INCLUDE_IN_FRAMEWORK_HEADER = YES;
				CLANG_WARN_RANGE_LOOP_ANALYSIS = YES;
				CLANG_WARN_STRICT_PROTOTYPES = YES;
				CLANG_WARN_SUSPICIOUS_MOVE = YES;
				CLANG_WARN_UNGUARDED_AVAILABILITY = YES_AGGRESSIVE;
				CLANG_WARN_UNREACHABLE_CODE = YES;
				CLANG_WARN__DUPLICATE_METHOD_MATCH = YES;
				COPY_PHASE_STRIP = NO;
				DEBUG_INFORMATION_FORMAT = "dwarf-with-dsym";
				ENABLE_NS_ASSERTIONS = NO;
				ENABLE_STRICT_OBJC_MSGSEND = YES;
				GCC_C_LANGUAGE_STANDARD = gnu11;
				GCC_NO_COMMON_BLOCKS = YES;
				GCC_WARN_64_TO_32_BIT_CONVERSION = YES;
				GCC_WARN_ABOUT_RETURN_TYPE = YES_ERROR;
				GCC_WARN_UNDECLARED_SELECTOR = YES;
				GCC_WARN_UNINITIALIZED_AUTOS = YES_AGGRESSIVE;
				GCC_WARN_UNUSED_FUNCTION = YES;
				GCC_WARN_UNUSED_VARIABLE = YES;
				IPHONEOS_DEPLOYMENT_TARGET = 16.4;
				MTL_ENABLE_DEBUG_INFO = NO;
				MTL_FAST_MATH = YES;
				SDKROOT = iphoneos;
				SWIFT_COMPILATION_MODE = wholemodule;
				SWIFT_OPTIMIZATION_LEVEL = "-O";
				VALIDATE_PRODUCT = YES;
			};
			name = Release;
		};
		DDB8A8AF2A275BC10006846E /* Debug */ = {
			isa = XCBuildConfiguration;
			buildSettings = {
				ASSETCATALOG_COMPILER_APPICON_NAME = AppIcon;
				ASSETCATALOG_COMPILER_GLOBAL_ACCENT_COLOR_NAME = AccentColor;
				CODE_SIGN_STYLE = Automatic;
				CURRENT_PROJECT_VERSION = 1;
				DEVELOPMENT_TEAM = UH3752ZWXL;
				GENERATE_INFOPLIST_FILE = YES;
				INFOPLIST_FILE = LowCal/Info.plist;
				INFOPLIST_KEY_UIApplicationSupportsIndirectInputEvents = YES;
				INFOPLIST_KEY_UILaunchStoryboardName = LaunchScreen;
				INFOPLIST_KEY_UIMainStoryboardFile = Main;
				INFOPLIST_KEY_UISupportedInterfaceOrientations_iPad = "UIInterfaceOrientationPortrait UIInterfaceOrientationPortraitUpsideDown UIInterfaceOrientationLandscapeLeft UIInterfaceOrientationLandscapeRight";
				INFOPLIST_KEY_UISupportedInterfaceOrientations_iPhone = "UIInterfaceOrientationPortrait UIInterfaceOrientationLandscapeLeft UIInterfaceOrientationLandscapeRight";
				LD_RUNPATH_SEARCH_PATHS = (
					"$(inherited)",
					"@executable_path/Frameworks",
				);
				MARKETING_VERSION = 1.0;
				PRODUCT_BUNDLE_IDENTIFIER = iti.LowCal;
				PRODUCT_NAME = "$(TARGET_NAME)";
				SWIFT_EMIT_LOC_STRINGS = YES;
				SWIFT_VERSION = 5.0;
				TARGETED_DEVICE_FAMILY = "1,2";
			};
			name = Debug;
		};
		DDB8A8B02A275BC10006846E /* Release */ = {
			isa = XCBuildConfiguration;
			buildSettings = {
				ASSETCATALOG_COMPILER_APPICON_NAME = AppIcon;
				ASSETCATALOG_COMPILER_GLOBAL_ACCENT_COLOR_NAME = AccentColor;
				CODE_SIGN_STYLE = Automatic;
				CURRENT_PROJECT_VERSION = 1;
				DEVELOPMENT_TEAM = UH3752ZWXL;
				GENERATE_INFOPLIST_FILE = YES;
				INFOPLIST_FILE = LowCal/Info.plist;
				INFOPLIST_KEY_UIApplicationSupportsIndirectInputEvents = YES;
				INFOPLIST_KEY_UILaunchStoryboardName = LaunchScreen;
				INFOPLIST_KEY_UIMainStoryboardFile = Main;
				INFOPLIST_KEY_UISupportedInterfaceOrientations_iPad = "UIInterfaceOrientationPortrait UIInterfaceOrientationPortraitUpsideDown UIInterfaceOrientationLandscapeLeft UIInterfaceOrientationLandscapeRight";
				INFOPLIST_KEY_UISupportedInterfaceOrientations_iPhone = "UIInterfaceOrientationPortrait UIInterfaceOrientationLandscapeLeft UIInterfaceOrientationLandscapeRight";
				LD_RUNPATH_SEARCH_PATHS = (
					"$(inherited)",
					"@executable_path/Frameworks",
				);
				MARKETING_VERSION = 1.0;
				PRODUCT_BUNDLE_IDENTIFIER = iti.LowCal;
				PRODUCT_NAME = "$(TARGET_NAME)";
				SWIFT_EMIT_LOC_STRINGS = YES;
				SWIFT_VERSION = 5.0;
				TARGETED_DEVICE_FAMILY = "1,2";
			};
			name = Release;
		};
/* End XCBuildConfiguration section */

/* Begin XCConfigurationList section */
		DDB8A8952A275BBF0006846E /* Build configuration list for PBXProject "LowCal" */ = {
			isa = XCConfigurationList;
			buildConfigurations = (
				DDB8A8AC2A275BC10006846E /* Debug */,
				DDB8A8AD2A275BC10006846E /* Release */,
			);
			defaultConfigurationIsVisible = 0;
			defaultConfigurationName = Release;
		};
		DDB8A8AE2A275BC10006846E /* Build configuration list for PBXNativeTarget "LowCal" */ = {
			isa = XCConfigurationList;
			buildConfigurations = (
				DDB8A8AF2A275BC10006846E /* Debug */,
				DDB8A8B02A275BC10006846E /* Release */,
			);
			defaultConfigurationIsVisible = 0;
			defaultConfigurationName = Release;
		};
/* End XCConfigurationList section */
	};
	rootObject = DDB8A8922A275BBF0006846E /* Project object */;
}
